
Microsoft Visual Studio Solution File, Format Version 12.00
# Visual Studio 15
VisualStudioVersion = 15.0.28307.329
MinimumVisualStudioVersion = 10.0.40219.1
Project("{FAE04EC0-301F-11D3-BF4B-00C04F79EFBC}") = "WinpackCross.Android", "WinpackCross\WinpackCross.Android\WinpackCross.Android.csproj", "{E57FED08-727E-488D-B22A-9A82188B3F24}"
EndProject
Project("{FAE04EC0-301F-11D3-BF4B-00C04F79EFBC}") = "WinpackCross.iOS", "WinpackCross\WinpackCross.iOS\WinpackCross.iOS.csproj", "{968F09FD-D7C0-4055-908C-1CA56E9EF103}"
EndProject
Project("{9A19103F-16F7-4668-BE54-9A1E7A4F7556}") = "WinpackCross", "WinpackCross\WinpackCross\WinpackCross.csproj", "{9E5E28EB-49D8-42C4-9BF3-F6EEEF7280CA}"
EndProject
Project("{9A19103F-16F7-4668-BE54-9A1E7A4F7556}") = "EasyModbusTCPCore", "EasyModbusTCP.NET-master\EasyModbusTCP.NET-master\EasyModbusTCPCore\EasyModbusTCPCore.csproj", "{5459EBE9-DBDD-4AEA-B1D2-965C0C9DDA9B}"
EndProject
Global
	GlobalSection(SolutionConfigurationPlatforms) = preSolution
		Ad-Hoc|Any CPU = Ad-Hoc|Any CPU
		Ad-Hoc|iPhone = Ad-Hoc|iPhone
		Ad-Hoc|iPhoneSimulator = Ad-Hoc|iPhoneSimulator
		AppStore|Any CPU = AppStore|Any CPU
		AppStore|iPhone = AppStore|iPhone
		AppStore|iPhoneSimulator = AppStore|iPhoneSimulator
		Debug|Any CPU = Debug|Any CPU
		Debug|iPhone = Debug|iPhone
		Debug|iPhoneSimulator = Debug|iPhoneSimulator
		Release|Any CPU = Release|Any CPU
		Release|iPhone = Release|iPhone
		Release|iPhoneSimulator = Release|iPhoneSimulator
	EndGlobalSection
	GlobalSection(ProjectConfigurationPlatforms) = postSolution
		{E57FED08-727E-488D-B22A-9A82188B3F24}.Ad-Hoc|Any CPU.ActiveCfg = Debug|Any CPU
		{E57FED08-727E-488D-B22A-9A82188B3F24}.Ad-Hoc|Any CPU.Build.0 = Debug|Any CPU
		{E57FED08-727E-488D-B22A-9A82188B3F24}.Ad-Hoc|Any CPU.Deploy.0 = Debug|Any CPU
		{E57FED08-727E-488D-B22A-9A82188B3F24}.Ad-Hoc|iPhone.ActiveCfg = Release|Any CPU
		{E57FED08-727E-488D-B22A-9A82188B3F24}.Ad-Hoc|iPhone.Build.0 = Release|Any CPU
		{E57FED08-727E-488D-B22A-9A82188B3F24}.Ad-Hoc|iPhone.Deploy.0 = Release|Any CPU
		{E57FED08-727E-488D-B22A-9A82188B3F24}.Ad-Hoc|iPhoneSimulator.ActiveCfg = Release|Any CPU
		{E57FED08-727E-488D-B22A-9A82188B3F24}.Ad-Hoc|iPhoneSimulator.Build.0 = Release|Any CPU
		{E57FED08-727E-488D-B22A-9A82188B3F24}.Ad-Hoc|iPhoneSimulator.Deploy.0 = Release|Any CPU
		{E57FED08-727E-488D-B22A-9A82188B3F24}.AppStore|Any CPU.ActiveCfg = Release|Any CPU
		{E57FED08-727E-488D-B22A-9A82188B3F24}.AppStore|Any CPU.Build.0 = Release|Any CPU
		{E57FED08-727E-488D-B22A-9A82188B3F24}.AppStore|Any CPU.Deploy.0 = Release|Any CPU
		{E57FED08-727E-488D-B22A-9A82188B3F24}.AppStore|iPhone.ActiveCfg = Release|Any CPU
		{E57FED08-727E-488D-B22A-9A82188B3F24}.AppStore|iPhone.Build.0 = Release|Any CPU
		{E57FED08-727E-488D-B22A-9A82188B3F24}.AppStore|iPhone.Deploy.0 = Release|Any CPU
		{E57FED08-727E-488D-B22A-9A82188B3F24}.AppStore|iPhoneSimulator.ActiveCfg = Release|Any CPU
		{E57FED08-727E-488D-B22A-9A82188B3F24}.AppStore|iPhoneSimulator.Build.0 = Release|Any CPU
		{E57FED08-727E-488D-B22A-9A82188B3F24}.AppStore|iPhoneSimulator.Deploy.0 = Release|Any CPU
		{E57FED08-727E-488D-B22A-9A82188B3F24}.Debug|Any CPU.ActiveCfg = Debug|Any CPU
		{E57FED08-727E-488D-B22A-9A82188B3F24}.Debug|Any CPU.Build.0 = Debug|Any CPU
		{E57FED08-727E-488D-B22A-9A82188B3F24}.Debug|Any CPU.Deploy.0 = Debug|Any CPU
		{E57FED08-727E-488D-B22A-9A82188B3F24}.Debug|iPhone.ActiveCfg = Debug|Any CPU
		{E57FED08-727E-488D-B22A-9A82188B3F24}.Debug|iPhone.Build.0 = Debug|Any CPU
		{E57FED08-727E-488D-B22A-9A82188B3F24}.Debug|iPhone.Deploy.0 = Debug|Any CPU
		{E57FED08-727E-488D-B22A-9A82188B3F24}.Debug|iPhoneSimulator.ActiveCfg = Debug|Any CPU
		{E57FED08-727E-488D-B22A-9A82188B3F24}.Debug|iPhoneSimulator.Build.0 = Debug|Any CPU
		{E57FED08-727E-488D-B22A-9A82188B3F24}.Debug|iPhoneSimulator.Deploy.0 = Debug|Any CPU
		{E57FED08-727E-488D-B22A-9A82188B3F24}.Release|Any CPU.ActiveCfg = Release|Any CPU
		{E57FED08-727E-488D-B22A-9A82188B3F24}.Release|Any CPU.Build.0 = Release|Any CPU
		{E57FED08-727E-488D-B22A-9A82188B3F24}.Release|Any CPU.Deploy.0 = Release|Any CPU
		{E57FED08-727E-488D-B22A-9A82188B3F24}.Release|iPhone.ActiveCfg = Release|Any CPU
		{E57FED08-727E-488D-B22A-9A82188B3F24}.Release|iPhone.Build.0 = Release|Any CPU
		{E57FED08-727E-488D-B22A-9A82188B3F24}.Release|iPhone.Deploy.0 = Release|Any CPU
		{E57FED08-727E-488D-B22A-9A82188B3F24}.Release|iPhoneSimulator.ActiveCfg = Release|Any CPU
		{E57FED08-727E-488D-B22A-9A82188B3F24}.Release|iPhoneSimulator.Build.0 = Release|Any CPU
		{E57FED08-727E-488D-B22A-9A82188B3F24}.Release|iPhoneSimulator.Deploy.0 = Release|Any CPU
		{968F09FD-D7C0-4055-908C-1CA56E9EF103}.Ad-Hoc|Any CPU.ActiveCfg = Debug|iPhone
		{968F09FD-D7C0-4055-908C-1CA56E9EF103}.Ad-Hoc|Any CPU.Build.0 = Debug|iPhone
		{968F09FD-D7C0-4055-908C-1CA56E9EF103}.Ad-Hoc|Any CPU.Deploy.0 = Debug|iPhone
		{968F09FD-D7C0-4055-908C-1CA56E9EF103}.Ad-Hoc|iPhone.ActiveCfg = Ad-Hoc|iPhone
		{968F09FD-D7C0-4055-908C-1CA56E9EF103}.Ad-Hoc|iPhone.Build.0 = Ad-Hoc|iPhone
		{968F09FD-D7C0-4055-908C-1CA56E9EF103}.Ad-Hoc|iPhone.Deploy.0 = Ad-Hoc|iPhone
		{968F09FD-D7C0-4055-908C-1CA56E9EF103}.Ad-Hoc|iPhoneSimulator.ActiveCfg = Ad-Hoc|iPhoneSimulator
		{968F09FD-D7C0-4055-908C-1CA56E9EF103}.Ad-Hoc|iPhoneSimulator.Build.0 = Ad-Hoc|iPhoneSimulator
		{968F09FD-D7C0-4055-908C-1CA56E9EF103}.Ad-Hoc|iPhoneSimulator.Deploy.0 = Ad-Hoc|iPhoneSimulator
		{968F09FD-D7C0-4055-908C-1CA56E9EF103}.AppStore|Any CPU.ActiveCfg = AppStore|iPhone
		{968F09FD-D7C0-4055-908C-1CA56E9EF103}.AppStore|Any CPU.Build.0 = AppStore|iPhone
		{968F09FD-D7C0-4055-908C-1CA56E9EF103}.AppStore|Any CPU.Deploy.0 = AppStore|iPhone
		{968F09FD-D7C0-4055-908C-1CA56E9EF103}.AppStore|iPhone.ActiveCfg = AppStore|iPhone
		{968F09FD-D7C0-4055-908C-1CA56E9EF103}.AppStore|iPhone.Build.0 = AppStore|iPhone
		{968F09FD-D7C0-4055-908C-1CA56E9EF103}.AppStore|iPhone.Deploy.0 = AppStore|iPhone
		{968F09FD-D7C0-4055-908C-1CA56E9EF103}.AppStore|iPhoneSimulator.ActiveCfg = AppStore|iPhoneSimulator
		{968F09FD-D7C0-4055-908C-1CA56E9EF103}.AppStore|iPhoneSimulator.Build.0 = AppStore|iPhoneSimulator
		{968F09FD-D7C0-4055-908C-1CA56E9EF103}.AppStore|iPhoneSimulator.Deploy.0 = AppStore|iPhoneSimulator
		{968F09FD-D7C0-4055-908C-1CA56E9EF103}.Debug|Any CPU.ActiveCfg = Debug|iPhone
		{968F09FD-D7C0-4055-908C-1CA56E9EF103}.Debug|Any CPU.Build.0 = Debug|iPhone
		{968F09FD-D7C0-4055-908C-1CA56E9EF103}.Debug|Any CPU.Deploy.0 = Debug|iPhone
		{968F09FD-D7C0-4055-908C-1CA56E9EF103}.Debug|iPhone.ActiveCfg = Debug|iPhone
		{968F09FD-D7C0-4055-908C-1CA56E9EF103}.Debug|iPhone.Build.0 = Debug|iPhone
		{968F09FD-D7C0-4055-908C-1CA56E9EF103}.Debug|iPhone.Deploy.0 = Debug|iPhone
		{968F09FD-D7C0-4055-908C-1CA56E9EF103}.Debug|iPhoneSimulator.ActiveCfg = Debug|iPhoneSimulator
		{968F09FD-D7C0-4055-908C-1CA56E9EF103}.Debug|iPhoneSimulator.Build.0 = Debug|iPhoneSimulator
		{968F09FD-D7C0-4055-908C-1CA56E9EF103}.Debug|iPhoneSimulator.Deploy.0 = Debug|iPhoneSimulator
		{968F09FD-D7C0-4055-908C-1CA56E9EF103}.Release|Any CPU.ActiveCfg = Release|iPhone
		{968F09FD-D7C0-4055-908C-1CA56E9EF103}.Release|Any CPU.Build.0 = Release|iPhone
		{968F09FD-D7C0-4055-908C-1CA56E9EF103}.Release|Any CPU.Deploy.0 = Release|iPhone
		{968F09FD-D7C0-4055-908C-1CA56E9EF103}.Release|iPhone.ActiveCfg = Release|iPhone
		{968F09FD-D7C0-4055-908C-1CA56E9EF103}.Release|iPhone.Build.0 = Release|iPhone
		{968F09FD-D7C0-4055-908C-1CA56E9EF103}.Release|iPhone.Deploy.0 = Release|iPhone
		{968F09FD-D7C0-4055-908C-1CA56E9EF103}.Release|iPhoneSimulator.ActiveCfg = Release|iPhoneSimulator
		{968F09FD-D7C0-4055-908C-1CA56E9EF103}.Release|iPhoneSimulator.Build.0 = Release|iPhoneSimulator
		{968F09FD-D7C0-4055-908C-1CA56E9EF103}.Release|iPhoneSimulator.Deploy.0 = Release|iPhoneSimulator
		{9E5E28EB-49D8-42C4-9BF3-F6EEEF7280CA}.Ad-Hoc|Any CPU.ActiveCfg = Debug|Any CPU
		{9E5E28EB-49D8-42C4-9BF3-F6EEEF7280CA}.Ad-Hoc|Any CPU.Build.0 = Debug|Any CPU
		{9E5E28EB-49D8-42C4-9BF3-F6EEEF7280CA}.Ad-Hoc|Any CPU.Deploy.0 = Debug|Any CPU
		{9E5E28EB-49D8-42C4-9BF3-F6EEEF7280CA}.Ad-Hoc|iPhone.ActiveCfg = Debug|Any CPU
		{9E5E28EB-49D8-42C4-9BF3-F6EEEF7280CA}.Ad-Hoc|iPhone.Build.0 = Debug|Any CPU
		{9E5E28EB-49D8-42C4-9BF3-F6EEEF7280CA}.Ad-Hoc|iPhone.Deploy.0 = Debug|Any CPU
		{9E5E28EB-49D8-42C4-9BF3-F6EEEF7280CA}.Ad-Hoc|iPhoneSimulator.ActiveCfg = Debug|Any CPU
		{9E5E28EB-49D8-42C4-9BF3-F6EEEF7280CA}.Ad-Hoc|iPhoneSimulator.Build.0 = Debug|Any CPU
		{9E5E28EB-49D8-42C4-9BF3-F6EEEF7280CA}.Ad-Hoc|iPhoneSimulator.Deploy.0 = Debug|Any CPU
		{9E5E28EB-49D8-42C4-9BF3-F6EEEF7280CA}.AppStore|Any CPU.ActiveCfg = Debug|Any CPU
		{9E5E28EB-49D8-42C4-9BF3-F6EEEF7280CA}.AppStore|Any CPU.Build.0 = Debug|Any CPU
		{9E5E28EB-49D8-42C4-9BF3-F6EEEF7280CA}.AppStore|Any CPU.Deploy.0 = Debug|Any CPU
		{9E5E28EB-49D8-42C4-9BF3-F6EEEF7280CA}.AppStore|iPhone.ActiveCfg = Debug|Any CPU
		{9E5E28EB-49D8-42C4-9BF3-F6EEEF7280CA}.AppStore|iPhone.Build.0 = Debug|Any CPU
		{9E5E28EB-49D8-42C4-9BF3-F6EEEF7280CA}.AppStore|iPhone.Deploy.0 = Debug|Any CPU
		{9E5E28EB-49D8-42C4-9BF3-F6EEEF7280CA}.AppStore|iPhoneSimulator.ActiveCfg = Debug|Any CPU
		{9E5E28EB-49D8-42C4-9BF3-F6EEEF7280CA}.AppStore|iPhoneSimulator.Build.0 = Debug|Any CPU
		{9E5E28EB-49D8-42C4-9BF3-F6EEEF7280CA}.AppStore|iPhoneSimulator.Deploy.0 = Debug|Any CPU
		{9E5E28EB-49D8-42C4-9BF3-F6EEEF7280CA}.Debug|Any CPU.ActiveCfg = Debug|Any CPU
		{9E5E28EB-49D8-42C4-9BF3-F6EEEF7280CA}.Debug|Any CPU.Build.0 = Debug|Any CPU
		{9E5E28EB-49D8-42C4-9BF3-F6EEEF7280CA}.Debug|Any CPU.Deploy.0 = Debug|Any CPU
		{9E5E28EB-49D8-42C4-9BF3-F6EEEF7280CA}.Debug|iPhone.ActiveCfg = Debug|Any CPU
		{9E5E28EB-49D8-42C4-9BF3-F6EEEF7280CA}.Debug|iPhone.Build.0 = Debug|Any CPU
		{9E5E28EB-49D8-42C4-9BF3-F6EEEF7280CA}.Debug|iPhone.Deploy.0 = Debug|Any CPU
		{9E5E28EB-49D8-42C4-9BF3-F6EEEF7280CA}.Debug|iPhoneSimulator.ActiveCfg = Debug|Any CPU
		{9E5E28EB-49D8-42C4-9BF3-F6EEEF7280CA}.Debug|iPhoneSimulator.Build.0 = Debug|Any CPU
		{9E5E28EB-49D8-42C4-9BF3-F6EEEF7280CA}.Debug|iPhoneSimulator.Deploy.0 = Debug|Any CPU
		{9E5E28EB-49D8-42C4-9BF3-F6EEEF7280CA}.Release|Any CPU.ActiveCfg = Release|Any CPU
		{9E5E28EB-49D8-42C4-9BF3-F6EEEF7280CA}.Release|Any CPU.Build.0 = Release|Any CPU
		{9E5E28EB-49D8-42C4-9BF3-F6EEEF7280CA}.Release|Any CPU.Deploy.0 = Release|Any CPU
		{9E5E28EB-49D8-42C4-9BF3-F6EEEF7280CA}.Release|iPhone.ActiveCfg = Release|Any CPU
		{9E5E28EB-49D8-42C4-9BF3-F6EEEF7280CA}.Release|iPhone.Build.0 = Release|Any CPU
		{9E5E28EB-49D8-42C4-9BF3-F6EEEF7280CA}.Release|iPhone.Deploy.0 = Release|Any CPU
		{9E5E28EB-49D8-42C4-9BF3-F6EEEF7280CA}.Release|iPhoneSimulator.ActiveCfg = Release|Any CPU
		{9E5E28EB-49D8-42C4-9BF3-F6EEEF7280CA}.Release|iPhoneSimulator.Build.0 = Release|Any CPU
		{9E5E28EB-49D8-42C4-9BF3-F6EEEF7280CA}.Release|iPhoneSimulator.Deploy.0 = Release|Any CPU
		{5459EBE9-DBDD-4AEA-B1D2-965C0C9DDA9B}.Ad-Hoc|Any CPU.ActiveCfg = Debug|Any CPU
		{5459EBE9-DBDD-4AEA-B1D2-965C0C9DDA9B}.Ad-Hoc|Any CPU.Build.0 = Debug|Any CPU
		{5459EBE9-DBDD-4AEA-B1D2-965C0C9DDA9B}.Ad-Hoc|iPhone.ActiveCfg = Debug|Any CPU
		{5459EBE9-DBDD-4AEA-B1D2-965C0C9DDA9B}.Ad-Hoc|iPhone.Build.0 = Debug|Any CPU
		{5459EBE9-DBDD-4AEA-B1D2-965C0C9DDA9B}.Ad-Hoc|iPhoneSimulator.ActiveCfg = Debug|Any CPU
		{5459EBE9-DBDD-4AEA-B1D2-965C0C9DDA9B}.Ad-Hoc|iPhoneSimulator.Build.0 = Debug|Any CPU
		{5459EBE9-DBDD-4AEA-B1D2-965C0C9DDA9B}.AppStore|Any CPU.ActiveCfg = Debug|Any CPU
		{5459EBE9-DBDD-4AEA-B1D2-965C0C9DDA9B}.AppStore|Any CPU.Build.0 = Debug|Any CPU
		{5459EBE9-DBDD-4AEA-B1D2-965C0C9DDA9B}.AppStore|iPhone.ActiveCfg = Debug|Any CPU
		{5459EBE9-DBDD-4AEA-B1D2-965C0C9DDA9B}.AppStore|iPhone.Build.0 = Debug|Any CPU
		{5459EBE9-DBDD-4AEA-B1D2-965C0C9DDA9B}.AppStore|iPhoneSimulator.ActiveCfg = Debug|Any CPU
		{5459EBE9-DBDD-4AEA-B1D2-965C0C9DDA9B}.AppStore|iPhoneSimulator.Build.0 = Debug|Any CPU
		{5459EBE9-DBDD-4AEA-B1D2-965C0C9DDA9B}.Debug|Any CPU.ActiveCfg = Debug|Any CPU
		{5459EBE9-DBDD-4AEA-B1D2-965C0C9DDA9B}.Debug|Any CPU.Build.0 = Debug|Any CPU
		{5459EBE9-DBDD-4AEA-B1D2-965C0C9DDA9B}.Debug|iPhone.ActiveCfg = Debug|Any CPU
		{5459EBE9-DBDD-4AEA-B1D2-965C0C9DDA9B}.Debug|iPhone.Build.0 = Debug|Any CPU
		{5459EBE9-DBDD-4AEA-B1D2-965C0C9DDA9B}.Debug|iPhoneSimulator.ActiveCfg = Debug|Any CPU
		{5459EBE9-DBDD-4AEA-B1D2-965C0C9DDA9B}.Debug|iPhoneSimulator.Build.0 = Debug|Any CPU
		{5459EBE9-DBDD-4AEA-B1D2-965C0C9DDA9B}.Release|Any CPU.ActiveCfg = Release|Any CPU
		{5459EBE9-DBDD-4AEA-B1D2-965C0C9DDA9B}.Release|Any CPU.Build.0 = Release|Any CPU
		{5459EBE9-DBDD-4AEA-B1D2-965C0C9DDA9B}.Release|iPhone.ActiveCfg = Release|Any CPU
		{5459EBE9-DBDD-4AEA-B1D2-965C0C9DDA9B}.Release|iPhone.Build.0 = Release|Any CPU
		{5459EBE9-DBDD-4AEA-B1D2-965C0C9DDA9B}.Release|iPhoneSimulator.ActiveCfg = Release|Any CPU
		{5459EBE9-DBDD-4AEA-B1D2-965C0C9DDA9B}.Release|iPhoneSimulator.Build.0 = Release|Any CPU
	EndGlobalSection
	GlobalSection(SolutionProperties) = preSolution
		HideSolutionNode = FALSE
	EndGlobalSection
	GlobalSection(ExtensibilityGlobals) = postSolution
		SolutionGuid = {02790655-11A6-47E6-AE23-E6823068B4E2}
	EndGlobalSection
EndGlobal
